# This file is autogenerated, do not edit; changes may be undone by the next 'dep ensure'.


[[projects]]
  digest = "1:b8d8afedc1ea9028d6b8a037a61acaf5bac8ffb1ceb4b285a0af6654bfc62f16"
  name = "github.com/go-chi/chi"
  packages = ["."]
  pruneopts = "UT"
  revision = "e95203758b2a6ec24a8e97124d5719ffe5ec1374"
  version = "v4.0.0"

[[projects]]
  branch = "master"
  digest = "1:238f1d1a060189e5e6b4065a1a785cedf7c5b8e2fdc2f8b10aa3b68c79cb7995"
  name = "github.com/kjk/betterguid"
  packages = ["."]
  pruneopts = "UT"
  revision = "c442874ba63a7beb6c8b6f14ad1675de747b7f71"

[solve-meta]
  analyzer-name = "dep"
  analyzer-version = 1
  input-imports = [
    "github.com/go-chi/chi",
    "github.com/kjk/betterguid",
  ]
  solver-name = "gps-cdcl"
  solver-version = 1
